
Microsoft Visual Studio Solution File, Format Version 12.00
# Visual Studio Version 17
VisualStudioVersion = 17.5.33627.172
MinimumVisualStudioVersion = 10.0.40219.1
Project("{FAE04EC0-301F-11D3-BF4B-00C04F79EFBC}") = "DatabasePerformanceTest", "DatabasePerformanceTest\DatabasePerformanceTest.csproj", "{AF897C2F-B7AE-4308-B306-5485B799E7BC}"
EndProject
Global
	GlobalSection(SolutionConfigurationPlatforms) = preSolution
		Debug|Any CPU = Debug|Any CPU
		Release|Any CPU = Release|Any CPU
	EndGlobalSection
	GlobalSection(ProjectConfigurationPlatforms) = postSolution
		{AF897C2F-B7AE-4308-B306-5485B799E7BC}.Debug|Any CPU.ActiveCfg = Debug|Any CPU
		{AF897C2F-B7AE-4308-B306-5485B799E7BC}.Debug|Any CPU.Build.0 = Debug|Any CPU
		{AF897C2F-B7AE-4308-B306-5485B799E7BC}.Release|Any CPU.ActiveCfg = Release|Any CPU
		{AF897C2F-B7AE-4308-B306-5485B799E7BC}.Release|Any CPU.Build.0 = Release|Any CPU
	EndGlobalSection
	GlobalSection(SolutionProperties) = preSolution
		HideSolutionNode = FALSE
	EndGlobalSection
	GlobalSection(ExtensibilityGlobals) = postSolution
		SolutionGuid = {9CEF71AB-8726-4206-B54D-706DB19FCBA6}
	EndGlobalSection
EndGlobal
